
Microsoft Visual Studio Solution File, Format Version 12.00
# Visual Studio 15
VisualStudioVersion = 15.0.28307.779
MinimumVisualStudioVersion = 10.0.40219.1
Project("{FAE04EC0-301F-11D3-BF4B-00C04F79EFBC}") = "Test-VS-GitHub", "Test-VS-GitHub\Test-VS-GitHub.csproj", "{D980F88F-BB75-4842-8A62-DFA898FBAF40}"
EndProject
Global
	GlobalSection(SolutionConfigurationPlatforms) = preSolution
		Debug|Any CPU = Debug|Any CPU
		Release|Any CPU = Release|Any CPU
	EndGlobalSection
	GlobalSection(ProjectConfigurationPlatforms) = postSolution
		{D980F88F-BB75-4842-8A62-DFA898FBAF40}.Debug|Any CPU.ActiveCfg = Debug|Any CPU
		{D980F88F-BB75-4842-8A62-DFA898FBAF40}.Debug|Any CPU.Build.0 = Debug|Any CPU
		{D980F88F-BB75-4842-8A62-DFA898FBAF40}.Release|Any CPU.ActiveCfg = Release|Any CPU
		{D980F88F-BB75-4842-8A62-DFA898FBAF40}.Release|Any CPU.Build.0 = Release|Any CPU
	EndGlobalSection
	GlobalSection(SolutionProperties) = preSolution
		HideSolutionNode = FALSE
	EndGlobalSection
	GlobalSection(ExtensibilityGlobals) = postSolution
		SolutionGuid = {D4E21A54-5B63-4ED2-9088-8B33DBF99083}
	EndGlobalSection
EndGlobal
